// !$*UTF8*$!
{
	archiveVersion = 1;
	classes = {
	};
	objectVersion = 55;
	objects = {

/* Begin PBXBuildFile section */
		7442DA6828C2646000D3A34F /* SettingsViewController.swift in Sources */ = {isa = PBXBuildFile; fileRef = 7442DA6728C2646000D3A34F /* SettingsViewController.swift */; };
		7442DA6A28C2648E00D3A34F /* SettingsViewModel.swift in Sources */ = {isa = PBXBuildFile; fileRef = 7442DA6928C2648E00D3A34F /* SettingsViewModel.swift */; };
		7442DA6F28C2689500D3A34F /* AstronomyPicture.swift in Sources */ = {isa = PBXBuildFile; fileRef = 7442DA6E28C2689500D3A34F /* AstronomyPicture.swift */; };
		7442DA7228C26AC200D3A34F /* AstronomyPictureCell.swift in Sources */ = {isa = PBXBuildFile; fileRef = 7442DA7128C26AC200D3A34F /* AstronomyPictureCell.swift */; };
		7442DA7428C26ADB00D3A34F /* AstronomyPictureCellViewModel.swift in Sources */ = {isa = PBXBuildFile; fileRef = 7442DA7328C26ADB00D3A34F /* AstronomyPictureCellViewModel.swift */; };
		745E9CA128C4CCD30002623E /* Networker.swift in Sources */ = {isa = PBXBuildFile; fileRef = 745E9CA028C4CCD30002623E /* Networker.swift */; };
		7463CBA328C3686C0055C7BF /* Extension + UIView.swift in Sources */ = {isa = PBXBuildFile; fileRef = 7463CBA228C3686C0055C7BF /* Extension + UIView.swift */; };
		74673BEE28BE741700AD2E81 /* AppDelegate.swift in Sources */ = {isa = PBXBuildFile; fileRef = 74673BED28BE741700AD2E81 /* AppDelegate.swift */; };
		74673BF228BE741700AD2E81 /* PictureListViewController.swift in Sources */ = {isa = PBXBuildFile; fileRef = 74673BF128BE741700AD2E81 /* PictureListViewController.swift */; };
		74673BF728BE741B00AD2E81 /* Assets.xcassets in Resources */ = {isa = PBXBuildFile; fileRef = 74673BF628BE741B00AD2E81 /* Assets.xcassets */; };
		74673BFA28BE741B00AD2E81 /* LaunchScreen.storyboard in Resources */ = {isa = PBXBuildFile; fileRef = 74673BF828BE741B00AD2E81 /* LaunchScreen.storyboard */; };
		74D7D87B28C0F80C00A12BD9 /* PictureListViewModel.swift in Sources */ = {isa = PBXBuildFile; fileRef = 74D7D87A28C0F80C00A12BD9 /* PictureListViewModel.swift */; };
/* End PBXBuildFile section */

/* Begin PBXFileReference section */
		7442DA6728C2646000D3A34F /* SettingsViewController.swift */ = {isa = PBXFileReference; lastKnownFileType = sourcecode.swift; path = SettingsViewController.swift; sourceTree = "<group>"; };
		7442DA6928C2648E00D3A34F /* SettingsViewModel.swift */ = {isa = PBXFileReference; lastKnownFileType = sourcecode.swift; path = SettingsViewModel.swift; sourceTree = "<group>"; };
		7442DA6E28C2689500D3A34F /* AstronomyPicture.swift */ = {isa = PBXFileReference; lastKnownFileType = sourcecode.swift; path = AstronomyPicture.swift; sourceTree = "<group>"; };
		7442DA7128C26AC200D3A34F /* AstronomyPictureCell.swift */ = {isa = PBXFileReference; lastKnownFileType = sourcecode.swift; path = AstronomyPictureCell.swift; sourceTree = "<group>"; };
		7442DA7328C26ADB00D3A34F /* AstronomyPictureCellViewModel.swift */ = {isa = PBXFileReference; lastKnownFileType = sourcecode.swift; path = AstronomyPictureCellViewModel.swift; sourceTree = "<group>"; };
		745E9CA028C4CCD30002623E /* Networker.swift */ = {isa = PBXFileReference; lastKnownFileType = sourcecode.swift; path = Networker.swift; sourceTree = "<group>"; };
		7463CBA228C3686C0055C7BF /* Extension + UIView.swift */ = {isa = PBXFileReference; lastKnownFileType = sourcecode.swift; path = "Extension + UIView.swift"; sourceTree = "<group>"; };
		74673BEA28BE741700AD2E81 /* APOD-MVVM.app */ = {isa = PBXFileReference; explicitFileType = wrapper.application; includeInIndex = 0; path = "APOD-MVVM.app"; sourceTree = BUILT_PRODUCTS_DIR; };
		74673BED28BE741700AD2E81 /* AppDelegate.swift */ = {isa = PBXFileReference; lastKnownFileType = sourcecode.swift; path = AppDelegate.swift; sourceTree = "<group>"; };
		74673BF128BE741700AD2E81 /* PictureListViewController.swift */ = {isa = PBXFileReference; lastKnownFileType = sourcecode.swift; path = PictureListViewController.swift; sourceTree = "<group>"; };
		74673BF628BE741B00AD2E81 /* Assets.xcassets */ = {isa = PBXFileReference; lastKnownFileType = folder.assetcatalog; path = Assets.xcassets; sourceTree = "<group>"; };
		74673BF928BE741B00AD2E81 /* Base */ = {isa = PBXFileReference; lastKnownFileType = file.storyboard; name = Base; path = Base.lproj/LaunchScreen.storyboard; sourceTree = "<group>"; };
		74673BFB28BE741B00AD2E81 /* Info.plist */ = {isa = PBXFileReference; lastKnownFileType = text.plist.xml; path = Info.plist; sourceTree = "<group>"; };
		74D7D87A28C0F80C00A12BD9 /* PictureListViewModel.swift */ = {isa = PBXFileReference; lastKnownFileType = sourcecode.swift; path = PictureListViewModel.swift; sourceTree = "<group>"; };
/* End PBXFileReference section */

/* Begin PBXFrameworksBuildPhase section */
		74673BE728BE741700AD2E81 /* Frameworks */ = {
			isa = PBXFrameworksBuildPhase;
			buildActionMask = 2147483647;
			files = (
			);
			runOnlyForDeploymentPostprocessing = 0;
		};
/* End PBXFrameworksBuildPhase section */

/* Begin PBXGroup section */
		7442DA6628C2642500D3A34F /* Settings */ = {
			isa = PBXGroup;
			children = (
				7442DA6728C2646000D3A34F /* SettingsViewController.swift */,
				7442DA6928C2648E00D3A34F /* SettingsViewModel.swift */,
			);
			path = Settings;
			sourceTree = "<group>";
		};
		7442DA6D28C2681F00D3A34F /* Models */ = {
			isa = PBXGroup;
			children = (
				7442DA6E28C2689500D3A34F /* AstronomyPicture.swift */,
			);
			path = Models;
			sourceTree = "<group>";
		};
		7442DA7028C26A8400D3A34F /* PictureCell */ = {
			isa = PBXGroup;
			children = (
				7442DA7128C26AC200D3A34F /* AstronomyPictureCell.swift */,
				7442DA7328C26ADB00D3A34F /* AstronomyPictureCellViewModel.swift */,
			);
			path = PictureCell;
			sourceTree = "<group>";
		};
		745E9C9F28C4CCAE0002623E /* Services */ = {
			isa = PBXGroup;
			children = (
				745E9CA028C4CCD30002623E /* Networker.swift */,
			);
			path = Services;
			sourceTree = "<group>";
		};
		7463CBA128C368220055C7BF /* Extensions */ = {
			isa = PBXGroup;
			children = (
				7463CBA228C3686C0055C7BF /* Extension + UIView.swift */,
			);
			path = Extensions;
			sourceTree = "<group>";
		};
		74673BE128BE741700AD2E81 = {
			isa = PBXGroup;
			children = (
				74673BEC28BE741700AD2E81 /* APOD-MVVM */,
				74673BEB28BE741700AD2E81 /* Products */,
			);
			sourceTree = "<group>";
		};
		74673BEB28BE741700AD2E81 /* Products */ = {
			isa = PBXGroup;
			children = (
				74673BEA28BE741700AD2E81 /* APOD-MVVM.app */,
			);
			name = Products;
			sourceTree = "<group>";
		};
		74673BEC28BE741700AD2E81 /* APOD-MVVM */ = {
			isa = PBXGroup;
			children = (
				74673BED28BE741700AD2E81 /* AppDelegate.swift */,
				74D7D87928C0B45100A12BD9 /* PictureList */,
				7442DA6628C2642500D3A34F /* Settings */,
				7442DA6D28C2681F00D3A34F /* Models */,
				7463CBA128C368220055C7BF /* Extensions */,
				745E9C9F28C4CCAE0002623E /* Services */,
				74673BF628BE741B00AD2E81 /* Assets.xcassets */,
				74673BF828BE741B00AD2E81 /* LaunchScreen.storyboard */,
				74673BFB28BE741B00AD2E81 /* Info.plist */,
			);
			path = "APOD-MVVM";
			sourceTree = "<group>";
		};
		74D7D87928C0B45100A12BD9 /* PictureList */ = {
			isa = PBXGroup;
			children = (
				7442DA7028C26A8400D3A34F /* PictureCell */,
				74673BF128BE741700AD2E81 /* PictureListViewController.swift */,
				74D7D87A28C0F80C00A12BD9 /* PictureListViewModel.swift */,
			);
			path = PictureList;
			sourceTree = "<group>";
		};
/* End PBXGroup section */

/* Begin PBXNativeTarget section */
		74673BE928BE741700AD2E81 /* APOD-MVVM */ = {
			isa = PBXNativeTarget;
			buildConfigurationList = 74673BFE28BE741B00AD2E81 /* Build configuration list for PBXNativeTarget "APOD-MVVM" */;
			buildPhases = (
				74673BE628BE741700AD2E81 /* Sources */,
				74673BE728BE741700AD2E81 /* Frameworks */,
				74673BE828BE741700AD2E81 /* Resources */,
			);
			buildRules = (
			);
			dependencies = (
			);
			name = "APOD-MVVM";
			productName = "APOD-MVVM";
			productReference = 74673BEA28BE741700AD2E81 /* APOD-MVVM.app */;
			productType = "com.apple.product-type.application";
		};
/* End PBXNativeTarget section */

/* Begin PBXProject section */
		74673BE228BE741700AD2E81 /* Project object */ = {
			isa = PBXProject;
			attributes = {
				BuildIndependentTargetsInParallel = 1;
				LastSwiftUpdateCheck = 1340;
				LastUpgradeCheck = 1340;
				TargetAttributes = {
					74673BE928BE741700AD2E81 = {
						CreatedOnToolsVersion = 13.4;
					};
				};
			};
			buildConfigurationList = 74673BE528BE741700AD2E81 /* Build configuration list for PBXProject "APOD-MVVM" */;
			compatibilityVersion = "Xcode 13.0";
			developmentRegion = en;
			hasScannedForEncodings = 0;
			knownRegions = (
				en,
				Base,
			);
			mainGroup = 74673BE128BE741700AD2E81;
			productRefGroup = 74673BEB28BE741700AD2E81 /* Products */;
			projectDirPath = "";
			projectRoot = "";
			targets = (
				74673BE928BE741700AD2E81 /* APOD-MVVM */,
			);
		};
/* End PBXProject section */

/* Begin PBXResourcesBuildPhase section */
		74673BE828BE741700AD2E81 /* Resources */ = {
			isa = PBXResourcesBuildPhase;
			buildActionMask = 2147483647;
			files = (
				74673BFA28BE741B00AD2E81 /* LaunchScreen.storyboard in Resources */,
				74673BF728BE741B00AD2E81 /* Assets.xcassets in Resources */,
			);
			runOnlyForDeploymentPostprocessing = 0;
		};
/* End PBXResourcesBuildPhase section */

/* Begin PBXSourcesBuildPhase section */
		74673BE628BE741700AD2E81 /* Sources */ = {
			isa = PBXSourcesBuildPhase;
			buildActionMask = 2147483647;
			files = (
				7442DA6A28C2648E00D3A34F /* SettingsViewModel.swift in Sources */,
				7442DA7228C26AC200D3A34F /* AstronomyPictureCell.swift in Sources */,
				7442DA6F28C2689500D3A34F /* AstronomyPicture.swift in Sources */,
				74D7D87B28C0F80C00A12BD9 /* PictureListViewModel.swift in Sources */,
				74673BF228BE741700AD2E81 /* PictureListViewController.swift in Sources */,
				745E9CA128C4CCD30002623E /* Networker.swift in Sources */,
				7463CBA328C3686C0055C7BF /* Extension + UIView.swift in Sources */,
				74673BEE28BE741700AD2E81 /* AppDelegate.swift in Sources */,
				7442DA7428C26ADB00D3A34F /* AstronomyPictureCellViewModel.swift in Sources */,
				7442DA6828C2646000D3A34F /* SettingsViewController.swift in Sources */,
			);
			runOnlyForDeploymentPostprocessing = 0;
		};
/* End PBXSourcesBuildPhase section */

/* Begin PBXVariantGroup section */
		74673BF828BE741B00AD2E81 /* LaunchScreen.storyboard */ = {
			isa = PBXVariantGroup;
			children = (
				74673BF928BE741B00AD2E81 /* Base */,
			);
			name = LaunchScreen.storyboard;
			sourceTree = "<group>";
		};
/* End PBXVariantGroup section */

/* Begin XCBuildConfiguration section */
		74673BFC28BE741B00AD2E81 /* Debug */ = {
			isa = XCBuildConfiguration;
			buildSettings = {
				ALWAYS_SEARCH_USER_PATHS = NO;
				CLANG_ANALYZER_NONNULL = YES;
				CLANG_ANALYZER_NUMBER_OBJECT_CONVERSION = YES_AGGRESSIVE;
				CLANG_CXX_LANGUAGE_STANDARD = "gnu++17";
				CLANG_ENABLE_MODULES = YES;
				CLANG_ENABLE_OBJC_ARC = YES;
				CLANG_ENABLE_OBJC_WEAK = YES;
				CLANG_WARN_BLOCK_CAPTURE_AUTORELEASING = YES;
				CLANG_WARN_BOOL_CONVERSION = YES;
				CLANG_WARN_COMMA = YES;
				CLANG_WARN_CONSTANT_CONVERSION = YES;
				CLANG_WARN_DEPRECATED_OBJC_IMPLEMENTATIONS = YES;
				CLANG_WARN_DIRECT_OBJC_ISA_USAGE = YES_ERROR;
				CLANG_WARN_DOCUMENTATION_COMMENTS = YES;
				CLANG_WARN_EMPTY_BODY = YES;
				CLANG_WARN_ENUM_CONVERSION = YES;
				CLANG_WARN_INFINITE_RECURSION = YES;
				CLANG_WARN_INT_CONVERSION = YES;
				CLANG_WARN_NON_LITERAL_NULL_CONVERSION = YES;
				CLANG_WARN_OBJC_IMPLICIT_RETAIN_SELF = YES;
				CLANG_WARN_OBJC_LITERAL_CONVERSION = YES;
				CLANG_WARN_OBJC_ROOT_CLASS = YES_ERROR;
				CLANG_WARN_QUOTED_INCLUDE_IN_FRAMEWORK_HEADER = YES;
				CLANG_WARN_RANGE_LOOP_ANALYSIS = YES;
				CLANG_WARN_STRICT_PROTOTYPES = YES;
				CLANG_WARN_SUSPICIOUS_MOVE = YES;
				CLANG_WARN_UNGUARDED_AVAILABILITY = YES_AGGRESSIVE;
				CLANG_WARN_UNREACHABLE_CODE = YES;
				CLANG_WARN__DUPLICATE_METHOD_MATCH = YES;
				COPY_PHASE_STRIP = NO;
				DEBUG_INFORMATION_FORMAT = dwarf;
				ENABLE_STRICT_OBJC_MSGSEND = YES;
				ENABLE_TESTABILITY = YES;
				GCC_C_LANGUAGE_STANDARD = gnu11;
				GCC_DYNAMIC_NO_PIC = NO;
				GCC_NO_COMMON_BLOCKS = YES;
				GCC_OPTIMIZATION_LEVEL = 0;
				GCC_PREPROCESSOR_DEFINITIONS = (
					"DEBUG=1",
					"$(inherited)",
				);
				GCC_WARN_64_TO_32_BIT_CONVERSION = YES;
				GCC_WARN_ABOUT_RETURN_TYPE = YES_ERROR;
				GCC_WARN_UNDECLARED_SELECTOR = YES;
				GCC_WARN_UNINITIALIZED_AUTOS = YES_AGGRESSIVE;
				GCC_WARN_UNUSED_FUNCTION = YES;
				GCC_WARN_UNUSED_VARIABLE = YES;
				IPHONEOS_DEPLOYMENT_TARGET = 15.5;
				MTL_ENABLE_DEBUG_INFO = INCLUDE_SOURCE;
				MTL_FAST_MATH = YES;
				ONLY_ACTIVE_ARCH = YES;
				SDKROOT = iphoneos;
				SWIFT_ACTIVE_COMPILATION_CONDITIONS = DEBUG;
				SWIFT_OPTIMIZATION_LEVEL = "-Onone";
			};
			name = Debug;
		};
		74673BFD28BE741B00AD2E81 /* Release */ = {
			isa = XCBuildConfiguration;
			buildSettings = {
				ALWAYS_SEARCH_USER_PATHS = NO;
				CLANG_ANALYZER_NONNULL = YES;
				CLANG_ANALYZER_NUMBER_OBJECT_CONVERSION = YES_AGGRESSIVE;
				CLANG_CXX_LANGUAGE_STANDARD = "gnu++17";
				CLANG_ENABLE_MODULES = YES;
				CLANG_ENABLE_OBJC_ARC = YES;
				CLANG_ENABLE_OBJC_WEAK = YES;
				CLANG_WARN_BLOCK_CAPTURE_AUTORELEASING = YES;
				CLANG_WARN_BOOL_CONVERSION = YES;
				CLANG_WARN_COMMA = YES;
				CLANG_WARN_CONSTANT_CONVERSION = YES;
				CLANG_WARN_DEPRECATED_OBJC_IMPLEMENTATIONS = YES;
				CLANG_WARN_DIRECT_OBJC_ISA_USAGE = YES_ERROR;
				CLANG_WARN_DOCUMENTATION_COMMENTS = YES;
				CLANG_WARN_EMPTY_BODY = YES;
				CLANG_WARN_ENUM_CONVERSION = YES;
				CLANG_WARN_INFINITE_RECURSION = YES;
				CLANG_WARN_INT_CONVERSION = YES;
				CLANG_WARN_NON_LITERAL_NULL_CONVERSION = YES;
				CLANG_WARN_OBJC_IMPLICIT_RETAIN_SELF = YES;
				CLANG_WARN_OBJC_LITERAL_CONVERSION = YES;
				CLANG_WARN_OBJC_ROOT_CLASS = YES_ERROR;
				CLANG_WARN_QUOTED_INCLUDE_IN_FRAMEWORK_HEADER = YES;
				CLANG_WARN_RANGE_LOOP_ANALYSIS = YES;
				CLANG_WARN_STRICT_PROTOTYPES = YES;
				CLANG_WARN_SUSPICIOUS_MOVE = YES;
				CLANG_WARN_UNGUARDED_AVAILABILITY = YES_AGGRESSIVE;
				CLANG_WARN_UNREACHABLE_CODE = YES;
				CLANG_WARN__DUPLICATE_METHOD_MATCH = YES;
				COPY_PHASE_STRIP = NO;
				DEBUG_INFORMATION_FORMAT = "dwarf-with-dsym";
				ENABLE_NS_ASSERTIONS = NO;
				ENABLE_STRICT_OBJC_MSGSEND = YES;
				GCC_C_LANGUAGE_STANDARD = gnu11;
				GCC_NO_COMMON_BLOCKS = YES;
				GCC_WARN_64_TO_32_BIT_CONVERSION = YES;
				GCC_WARN_ABOUT_RETURN_TYPE = YES_ERROR;
				GCC_WARN_UNDECLARED_SELECTOR = YES;
				GCC_WARN_UNINITIALIZED_AUTOS = YES_AGGRESSIVE;
				GCC_WARN_UNUSED_FUNCTION = YES;
				GCC_WARN_UNUSED_VARIABLE = YES;
				IPHONEOS_DEPLOYMENT_TARGET = 15.5;
				MTL_ENABLE_DEBUG_INFO = NO;
				MTL_FAST_MATH = YES;
				SDKROOT = iphoneos;
				SWIFT_COMPILATION_MODE = wholemodule;
				SWIFT_OPTIMIZATION_LEVEL = "-O";
				VALIDATE_PRODUCT = YES;
			};
			name = Release;
		};
		74673BFF28BE741B00AD2E81 /* Debug */ = {
			isa = XCBuildConfiguration;
			buildSettings = {
				ASSETCATALOG_COMPILER_APPICON_NAME = AppIcon;
				ASSETCATALOG_COMPILER_GLOBAL_ACCENT_COLOR_NAME = AccentColor;
				CODE_SIGN_STYLE = Automatic;
				CURRENT_PROJECT_VERSION = 1;
				GENERATE_INFOPLIST_FILE = YES;
				INFOPLIST_FILE = "APOD-MVVM/Info.plist";
				INFOPLIST_KEY_UIApplicationSupportsIndirectInputEvents = YES;
				INFOPLIST_KEY_UILaunchStoryboardName = LaunchScreen;
				INFOPLIST_KEY_UISupportedInterfaceOrientations_iPad = "UIInterfaceOrientationPortrait UIInterfaceOrientationPortraitUpsideDown UIInterfaceOrientationLandscapeLeft UIInterfaceOrientationLandscapeRight";
				INFOPLIST_KEY_UISupportedInterfaceOrientations_iPhone = "UIInterfaceOrientationPortrait UIInterfaceOrientationLandscapeLeft UIInterfaceOrientationLandscapeRight";
				LD_RUNPATH_SEARCH_PATHS = (
					"$(inherited)",
					"@executable_path/Frameworks",
				);
				MARKETING_VERSION = 1.0;
				PRODUCT_BUNDLE_IDENTIFIER = "com.MikhailMezentsev.APOD-MVVM";
				PRODUCT_NAME = "$(TARGET_NAME)";
				SWIFT_EMIT_LOC_STRINGS = YES;
				SWIFT_VERSION = 5.0;
				TARGETED_DEVICE_FAMILY = "1,2";
			};
			name = Debug;
		};
		74673C0028BE741B00AD2E81 /* Release */ = {
			isa = XCBuildConfiguration;
			buildSettings = {
				ASSETCATALOG_COMPILER_APPICON_NAME = AppIcon;
				ASSETCATALOG_COMPILER_GLOBAL_ACCENT_COLOR_NAME = AccentColor;
				CODE_SIGN_STYLE = Automatic;
				CURRENT_PROJECT_VERSION = 1;
				GENERATE_INFOPLIST_FILE = YES;
				INFOPLIST_FILE = "APOD-MVVM/Info.plist";
				INFOPLIST_KEY_UIApplicationSupportsIndirectInputEvents = YES;
				INFOPLIST_KEY_UILaunchStoryboardName = LaunchScreen;
				INFOPLIST_KEY_UISupportedInterfaceOrientations_iPad = "UIInterfaceOrientationPortrait UIInterfaceOrientationPortraitUpsideDown UIInterfaceOrientationLandscapeLeft UIInterfaceOrientationLandscapeRight";
				INFOPLIST_KEY_UISupportedInterfaceOrientations_iPhone = "UIInterfaceOrientationPortrait UIInterfaceOrientationLandscapeLeft UIInterfaceOrientationLandscapeRight";
				LD_RUNPATH_SEARCH_PATHS = (
					"$(inherited)",
					"@executable_path/Frameworks",
				);
				MARKETING_VERSION = 1.0;
				PRODUCT_BUNDLE_IDENTIFIER = "com.MikhailMezentsev.APOD-MVVM";
				PRODUCT_NAME = "$(TARGET_NAME)";
				SWIFT_EMIT_LOC_STRINGS = YES;
				SWIFT_VERSION = 5.0;
				TARGETED_DEVICE_FAMILY = "1,2";
			};
			name = Release;
		};
/* End XCBuildConfiguration section */

/* Begin XCConfigurationList section */
		74673BE528BE741700AD2E81 /* Build configuration list for PBXProject "APOD-MVVM" */ = {
			isa = XCConfigurationList;
			buildConfigurations = (
				74673BFC28BE741B00AD2E81 /* Debug */,
				74673BFD28BE741B00AD2E81 /* Release */,
			);
			defaultConfigurationIsVisible = 0;
			defaultConfigurationName = Release;
		};
		74673BFE28BE741B00AD2E81 /* Build configuration list for PBXNativeTarget "APOD-MVVM" */ = {
			isa = XCConfigurationList;
			buildConfigurations = (
				74673BFF28BE741B00AD2E81 /* Debug */,
				74673C0028BE741B00AD2E81 /* Release */,
			);
			defaultConfigurationIsVisible = 0;
			defaultConfigurationName = Release;
		};
/* End XCConfigurationList section */
	};
	rootObject = 74673BE228BE741700AD2E81 /* Project object */;
}
